
Microsoft Visual Studio Solution File, Format Version 12.00
# Visual Studio Version 16
VisualStudioVersion = 16.0.30114.105
MinimumVisualStudioVersion = 10.0.40219.1
Project("{FAE04EC0-301F-11D3-BF4B-00C04F79EFBC}") = "R5T.T0003", "R5T.T0003\R5T.T0003.csproj", "{21634EA8-B1F4-4FC8-87FF-427FF5C907DE}"
EndProject
Project("{FAE04EC0-301F-11D3-BF4B-00C04F79EFBC}") = "R5T.T0003.Construction", "R5T.T0003.Construction\R5T.T0003.Construction.csproj", "{97F46875-C480-44E9-9486-2BB8F3AD22DC}"
EndProject
Global
	GlobalSection(SolutionConfigurationPlatforms) = preSolution
		Debug|Any CPU = Debug|Any CPU
		Debug|x64 = Debug|x64
		Debug|x86 = Debug|x86
		Release|Any CPU = Release|Any CPU
		Release|x64 = Release|x64
		Release|x86 = Release|x86
	EndGlobalSection
	GlobalSection(SolutionProperties) = preSolution
		HideSolutionNode = FALSE
	EndGlobalSection
	GlobalSection(ProjectConfigurationPlatforms) = postSolution
		{21634EA8-B1F4-4FC8-87FF-427FF5C907DE}.Debug|Any CPU.ActiveCfg = Debug|Any CPU
		{21634EA8-B1F4-4FC8-87FF-427FF5C907DE}.Debug|Any CPU.Build.0 = Debug|Any CPU
		{21634EA8-B1F4-4FC8-87FF-427FF5C907DE}.Debug|x64.ActiveCfg = Debug|Any CPU
		{21634EA8-B1F4-4FC8-87FF-427FF5C907DE}.Debug|x64.Build.0 = Debug|Any CPU
		{21634EA8-B1F4-4FC8-87FF-427FF5C907DE}.Debug|x86.ActiveCfg = Debug|Any CPU
		{21634EA8-B1F4-4FC8-87FF-427FF5C907DE}.Debug|x86.Build.0 = Debug|Any CPU
		{21634EA8-B1F4-4FC8-87FF-427FF5C907DE}.Release|Any CPU.ActiveCfg = Release|Any CPU
		{21634EA8-B1F4-4FC8-87FF-427FF5C907DE}.Release|Any CPU.Build.0 = Release|Any CPU
		{21634EA8-B1F4-4FC8-87FF-427FF5C907DE}.Release|x64.ActiveCfg = Release|Any CPU
		{21634EA8-B1F4-4FC8-87FF-427FF5C907DE}.Release|x64.Build.0 = Release|Any CPU
		{21634EA8-B1F4-4FC8-87FF-427FF5C907DE}.Release|x86.ActiveCfg = Release|Any CPU
		{21634EA8-B1F4-4FC8-87FF-427FF5C907DE}.Release|x86.Build.0 = Release|Any CPU
		{97F46875-C480-44E9-9486-2BB8F3AD22DC}.Debug|Any CPU.ActiveCfg = Debug|Any CPU
		{97F46875-C480-44E9-9486-2BB8F3AD22DC}.Debug|Any CPU.Build.0 = Debug|Any CPU
		{97F46875-C480-44E9-9486-2BB8F3AD22DC}.Debug|x64.ActiveCfg = Debug|Any CPU
		{97F46875-C480-44E9-9486-2BB8F3AD22DC}.Debug|x64.Build.0 = Debug|Any CPU
		{97F46875-C480-44E9-9486-2BB8F3AD22DC}.Debug|x86.ActiveCfg = Debug|Any CPU
		{97F46875-C480-44E9-9486-2BB8F3AD22DC}.Debug|x86.Build.0 = Debug|Any CPU
		{97F46875-C480-44E9-9486-2BB8F3AD22DC}.Release|Any CPU.ActiveCfg = Release|Any CPU
		{97F46875-C480-44E9-9486-2BB8F3AD22DC}.Release|Any CPU.Build.0 = Release|Any CPU
		{97F46875-C480-44E9-9486-2BB8F3AD22DC}.Release|x64.ActiveCfg = Release|Any CPU
		{97F46875-C480-44E9-9486-2BB8F3AD22DC}.Release|x64.Build.0 = Release|Any CPU
		{97F46875-C480-44E9-9486-2BB8F3AD22DC}.Release|x86.ActiveCfg = Release|Any CPU
		{97F46875-C480-44E9-9486-2BB8F3AD22DC}.Release|x86.Build.0 = Release|Any CPU
	EndGlobalSection
EndGlobal
